
Microsoft Visual Studio Solution File, Format Version 12.00
# Visual Studio Version 17
VisualStudioVersion = 17.0.31612.314
MinimumVisualStudioVersion = 10.0.40219.1
Project("{9A19103F-16F7-4668-BE54-9A1E7A4F7556}") = "BankingInternationalSystemsApp.Model", "BankingInternationalSystemsApp.Model\BankingInternationalSystemsApp.Model.csproj", "{4AB86D4D-01F4-49F3-BC30-CE6E1248186C}"
EndProject
Project("{9A19103F-16F7-4668-BE54-9A1E7A4F7556}") = "BankingInternationalSystemsApp.Database", "BankingInternationalSystemsApp.Database\BankingInternationalSystemsApp.Database.csproj", "{CCA48F93-33B6-4E5C-9E46-D6EE06BDCBC9}"
EndProject
Project("{9A19103F-16F7-4668-BE54-9A1E7A4F7556}") = "BankingInternationalSystemsApp.Repository", "BankingInternationalSystemsApp.Repository\BankingInternationalSystemsApp.Repository.csproj", "{1188C12D-5C8E-4597-BCF5-FE9293250A98}"
EndProject
Project("{FAE04EC0-301F-11D3-BF4B-00C04F79EFBC}") = "BankingInternationalSystemsApp.Manager", "BankingInternationalSystemsApp.Manager\BankingInternationalSystemsApp.Manager.csproj", "{A5242CA8-43A2-42BF-BC5F-BD64399F2A3C}"
EndProject
Project("{FAE04EC0-301F-11D3-BF4B-00C04F79EFBC}") = "BankingInternationalSystemsApp.Client", "BankingInternationalSystemsApp.Client\BankingInternationalSystemsApp.Client.csproj", "{2C3F1F8B-90B3-4865-B361-61160B4FD850}"
EndProject
Global
	GlobalSection(SolutionConfigurationPlatforms) = preSolution
		Debug|Any CPU = Debug|Any CPU
		Release|Any CPU = Release|Any CPU
	EndGlobalSection
	GlobalSection(ProjectConfigurationPlatforms) = postSolution
		{4AB86D4D-01F4-49F3-BC30-CE6E1248186C}.Debug|Any CPU.ActiveCfg = Debug|Any CPU
		{4AB86D4D-01F4-49F3-BC30-CE6E1248186C}.Debug|Any CPU.Build.0 = Debug|Any CPU
		{4AB86D4D-01F4-49F3-BC30-CE6E1248186C}.Release|Any CPU.ActiveCfg = Release|Any CPU
		{4AB86D4D-01F4-49F3-BC30-CE6E1248186C}.Release|Any CPU.Build.0 = Release|Any CPU
		{CCA48F93-33B6-4E5C-9E46-D6EE06BDCBC9}.Debug|Any CPU.ActiveCfg = Debug|Any CPU
		{CCA48F93-33B6-4E5C-9E46-D6EE06BDCBC9}.Debug|Any CPU.Build.0 = Debug|Any CPU
		{CCA48F93-33B6-4E5C-9E46-D6EE06BDCBC9}.Release|Any CPU.ActiveCfg = Release|Any CPU
		{CCA48F93-33B6-4E5C-9E46-D6EE06BDCBC9}.Release|Any CPU.Build.0 = Release|Any CPU
		{1188C12D-5C8E-4597-BCF5-FE9293250A98}.Debug|Any CPU.ActiveCfg = Debug|Any CPU
		{1188C12D-5C8E-4597-BCF5-FE9293250A98}.Debug|Any CPU.Build.0 = Debug|Any CPU
		{1188C12D-5C8E-4597-BCF5-FE9293250A98}.Release|Any CPU.ActiveCfg = Release|Any CPU
		{1188C12D-5C8E-4597-BCF5-FE9293250A98}.Release|Any CPU.Build.0 = Release|Any CPU
		{A5242CA8-43A2-42BF-BC5F-BD64399F2A3C}.Debug|Any CPU.ActiveCfg = Debug|Any CPU
		{A5242CA8-43A2-42BF-BC5F-BD64399F2A3C}.Debug|Any CPU.Build.0 = Debug|Any CPU
		{A5242CA8-43A2-42BF-BC5F-BD64399F2A3C}.Release|Any CPU.ActiveCfg = Release|Any CPU
		{A5242CA8-43A2-42BF-BC5F-BD64399F2A3C}.Release|Any CPU.Build.0 = Release|Any CPU
		{2C3F1F8B-90B3-4865-B361-61160B4FD850}.Debug|Any CPU.ActiveCfg = Debug|Any CPU
		{2C3F1F8B-90B3-4865-B361-61160B4FD850}.Debug|Any CPU.Build.0 = Debug|Any CPU
		{2C3F1F8B-90B3-4865-B361-61160B4FD850}.Release|Any CPU.ActiveCfg = Release|Any CPU
		{2C3F1F8B-90B3-4865-B361-61160B4FD850}.Release|Any CPU.Build.0 = Release|Any CPU
	EndGlobalSection
	GlobalSection(SolutionProperties) = preSolution
		HideSolutionNode = FALSE
	EndGlobalSection
	GlobalSection(ExtensibilityGlobals) = postSolution
		SolutionGuid = {CB12CC1D-EA47-4B0F-B3BF-EA39385E1659}
	EndGlobalSection
EndGlobal
